
Microsoft Visual Studio Solution File, Format Version 12.00
# Visual Studio Version 16
VisualStudioVersion = 16.0.30011.22
MinimumVisualStudioVersion = 10.0.40219.1
Project("{FAE04EC0-301F-11D3-BF4B-00C04F79EFBC}") = "libcomm-tests", "libcomm-tests\libcomm-tests.csproj", "{B505A1FF-3C0A-4829-9354-D447B80A8176}"
EndProject
Project("{FAE04EC0-301F-11D3-BF4B-00C04F79EFBC}") = "libcomm", "libcomm\libcomm.csproj", "{9ECA7029-6485-4952-97B2-0036F628BCA2}"
EndProject
Global
	GlobalSection(SolutionConfigurationPlatforms) = preSolution
		Debug|Any CPU = Debug|Any CPU
		Release|Any CPU = Release|Any CPU
	EndGlobalSection
	GlobalSection(ProjectConfigurationPlatforms) = postSolution
		{B505A1FF-3C0A-4829-9354-D447B80A8176}.Debug|Any CPU.ActiveCfg = Debug|Any CPU
		{B505A1FF-3C0A-4829-9354-D447B80A8176}.Debug|Any CPU.Build.0 = Debug|Any CPU
		{B505A1FF-3C0A-4829-9354-D447B80A8176}.Release|Any CPU.ActiveCfg = Release|Any CPU
		{B505A1FF-3C0A-4829-9354-D447B80A8176}.Release|Any CPU.Build.0 = Release|Any CPU
		{9ECA7029-6485-4952-97B2-0036F628BCA2}.Debug|Any CPU.ActiveCfg = Debug|Any CPU
		{9ECA7029-6485-4952-97B2-0036F628BCA2}.Debug|Any CPU.Build.0 = Debug|Any CPU
		{9ECA7029-6485-4952-97B2-0036F628BCA2}.Release|Any CPU.ActiveCfg = Release|Any CPU
		{9ECA7029-6485-4952-97B2-0036F628BCA2}.Release|Any CPU.Build.0 = Release|Any CPU
	EndGlobalSection
	GlobalSection(SolutionProperties) = preSolution
		HideSolutionNode = FALSE
	EndGlobalSection
	GlobalSection(ExtensibilityGlobals) = postSolution
		SolutionGuid = {B996E9B9-D6C3-406E-A838-5F8D266A3132}
	EndGlobalSection
EndGlobal
